
Microsoft Visual Studio Solution File, Format Version 12.00
# Visual Studio Version 17
VisualStudioVersion = 17.13.35825.156 d17.13
MinimumVisualStudioVersion = 10.0.40219.1
Project("{8BC9CEB8-8B4A-11D0-8D11-00A0C91BC942}") = "SandBox", "SandBox\SandBox.vcxproj", "{97FEF430-A0A9-4D3E-8B2A-F274DF73CCAE}"
EndProject
Project("{2150E333-8FDC-42A3-9474-1A3956D46DE8}") = "Solution Items", "Solution Items", "{8EC462FD-D22E-90A8-E5CE-7E832BA40C5D}"
EndProject
Project("{8BC9CEB8-8B4A-11D0-8D11-00A0C91BC942}") = "q1", "q1\q1.vcxproj", "{AFE6C7EA-E03C-4F1E-9F5E-1B78612B72EF}"
EndProject
Global
	GlobalSection(SolutionConfigurationPlatforms) = preSolution
		Debug|x64 = Debug|x64
		Debug|x86 = Debug|x86
		Release|x64 = Release|x64
		Release|x86 = Release|x86
	EndGlobalSection
	GlobalSection(ProjectConfigurationPlatforms) = postSolution
		{97FEF430-A0A9-4D3E-8B2A-F274DF73CCAE}.Debug|x64.ActiveCfg = Debug|x64
		{97FEF430-A0A9-4D3E-8B2A-F274DF73CCAE}.Debug|x64.Build.0 = Debug|x64
		{97FEF430-A0A9-4D3E-8B2A-F274DF73CCAE}.Debug|x86.ActiveCfg = Debug|Win32
		{97FEF430-A0A9-4D3E-8B2A-F274DF73CCAE}.Debug|x86.Build.0 = Debug|Win32
		{97FEF430-A0A9-4D3E-8B2A-F274DF73CCAE}.Release|x64.ActiveCfg = Release|x64
		{97FEF430-A0A9-4D3E-8B2A-F274DF73CCAE}.Release|x64.Build.0 = Release|x64
		{97FEF430-A0A9-4D3E-8B2A-F274DF73CCAE}.Release|x86.ActiveCfg = Release|Win32
		{97FEF430-A0A9-4D3E-8B2A-F274DF73CCAE}.Release|x86.Build.0 = Release|Win32
		{AFE6C7EA-E03C-4F1E-9F5E-1B78612B72EF}.Debug|x64.ActiveCfg = Debug|x64
		{AFE6C7EA-E03C-4F1E-9F5E-1B78612B72EF}.Debug|x64.Build.0 = Debug|x64
		{AFE6C7EA-E03C-4F1E-9F5E-1B78612B72EF}.Debug|x86.ActiveCfg = Debug|Win32
		{AFE6C7EA-E03C-4F1E-9F5E-1B78612B72EF}.Debug|x86.Build.0 = Debug|Win32
		{AFE6C7EA-E03C-4F1E-9F5E-1B78612B72EF}.Release|x64.ActiveCfg = Release|x64
		{AFE6C7EA-E03C-4F1E-9F5E-1B78612B72EF}.Release|x64.Build.0 = Release|x64
		{AFE6C7EA-E03C-4F1E-9F5E-1B78612B72EF}.Release|x86.ActiveCfg = Release|Win32
		{AFE6C7EA-E03C-4F1E-9F5E-1B78612B72EF}.Release|x86.Build.0 = Release|Win32
	EndGlobalSection
	GlobalSection(SolutionProperties) = preSolution
		HideSolutionNode = FALSE
	EndGlobalSection
	GlobalSection(ExtensibilityGlobals) = postSolution
		SolutionGuid = {FC4023A7-1A7E-462E-9156-ACCB60615C1A}
	EndGlobalSection
EndGlobal
