
Microsoft Visual Studio Solution File, Format Version 12.00
# Visual Studio Version 17
VisualStudioVersion = 17.13.35825.156
MinimumVisualStudioVersion = 10.0.40219.1
Project("{8BC9CEB8-8B4A-11D0-8D11-00A0C91BC942}") = "Hello World", "Hello World\Hello World.vcxproj", "{7F826ECB-2DCE-48A8-8E7A-07B4CC26B738}"
EndProject
Project("{8BC9CEB8-8B4A-11D0-8D11-00A0C91BC942}") = "SandBox", "SandBox\SandBox.vcxproj", "{C9F78527-6151-4AE8-8B37-9658DE46751F}"
EndProject
Project("{8BC9CEB8-8B4A-11D0-8D11-00A0C91BC942}") = "QuestionFile1", "QuestionFile1\QuestionFile1.vcxproj", "{99988312-7B2C-4683-A0C3-67A15623BCC8}"
EndProject
Project("{8BC9CEB8-8B4A-11D0-8D11-00A0C91BC942}") = "QuestionFile2", "QuestionFile2\QuestionFile2.vcxproj", "{BDAE63A6-575B-4EB8-A1A4-29B187FC4062}"
EndProject
Global
	GlobalSection(SolutionConfigurationPlatforms) = preSolution
		Debug|x64 = Debug|x64
		Debug|x86 = Debug|x86
		Release|x64 = Release|x64
		Release|x86 = Release|x86
	EndGlobalSection
	GlobalSection(ProjectConfigurationPlatforms) = postSolution
		{7F826ECB-2DCE-48A8-8E7A-07B4CC26B738}.Debug|x64.ActiveCfg = Debug|x64
		{7F826ECB-2DCE-48A8-8E7A-07B4CC26B738}.Debug|x64.Build.0 = Debug|x64
		{7F826ECB-2DCE-48A8-8E7A-07B4CC26B738}.Debug|x86.ActiveCfg = Debug|Win32
		{7F826ECB-2DCE-48A8-8E7A-07B4CC26B738}.Debug|x86.Build.0 = Debug|Win32
		{7F826ECB-2DCE-48A8-8E7A-07B4CC26B738}.Release|x64.ActiveCfg = Release|x64
		{7F826ECB-2DCE-48A8-8E7A-07B4CC26B738}.Release|x64.Build.0 = Release|x64
		{7F826ECB-2DCE-48A8-8E7A-07B4CC26B738}.Release|x86.ActiveCfg = Release|Win32
		{7F826ECB-2DCE-48A8-8E7A-07B4CC26B738}.Release|x86.Build.0 = Release|Win32
		{C9F78527-6151-4AE8-8B37-9658DE46751F}.Debug|x64.ActiveCfg = Debug|x64
		{C9F78527-6151-4AE8-8B37-9658DE46751F}.Debug|x64.Build.0 = Debug|x64
		{C9F78527-6151-4AE8-8B37-9658DE46751F}.Debug|x86.ActiveCfg = Debug|Win32
		{C9F78527-6151-4AE8-8B37-9658DE46751F}.Debug|x86.Build.0 = Debug|Win32
		{C9F78527-6151-4AE8-8B37-9658DE46751F}.Release|x64.ActiveCfg = Release|x64
		{C9F78527-6151-4AE8-8B37-9658DE46751F}.Release|x64.Build.0 = Release|x64
		{C9F78527-6151-4AE8-8B37-9658DE46751F}.Release|x86.ActiveCfg = Release|Win32
		{C9F78527-6151-4AE8-8B37-9658DE46751F}.Release|x86.Build.0 = Release|Win32
		{99988312-7B2C-4683-A0C3-67A15623BCC8}.Debug|x64.ActiveCfg = Debug|x64
		{99988312-7B2C-4683-A0C3-67A15623BCC8}.Debug|x64.Build.0 = Debug|x64
		{99988312-7B2C-4683-A0C3-67A15623BCC8}.Debug|x86.ActiveCfg = Debug|Win32
		{99988312-7B2C-4683-A0C3-67A15623BCC8}.Debug|x86.Build.0 = Debug|Win32
		{99988312-7B2C-4683-A0C3-67A15623BCC8}.Release|x64.ActiveCfg = Release|x64
		{99988312-7B2C-4683-A0C3-67A15623BCC8}.Release|x64.Build.0 = Release|x64
		{99988312-7B2C-4683-A0C3-67A15623BCC8}.Release|x86.ActiveCfg = Release|Win32
		{99988312-7B2C-4683-A0C3-67A15623BCC8}.Release|x86.Build.0 = Release|Win32
		{BDAE63A6-575B-4EB8-A1A4-29B187FC4062}.Debug|x64.ActiveCfg = Debug|x64
		{BDAE63A6-575B-4EB8-A1A4-29B187FC4062}.Debug|x64.Build.0 = Debug|x64
		{BDAE63A6-575B-4EB8-A1A4-29B187FC4062}.Debug|x86.ActiveCfg = Debug|Win32
		{BDAE63A6-575B-4EB8-A1A4-29B187FC4062}.Debug|x86.Build.0 = Debug|Win32
		{BDAE63A6-575B-4EB8-A1A4-29B187FC4062}.Release|x64.ActiveCfg = Release|x64
		{BDAE63A6-575B-4EB8-A1A4-29B187FC4062}.Release|x64.Build.0 = Release|x64
		{BDAE63A6-575B-4EB8-A1A4-29B187FC4062}.Release|x86.ActiveCfg = Release|Win32
		{BDAE63A6-575B-4EB8-A1A4-29B187FC4062}.Release|x86.Build.0 = Release|Win32
	EndGlobalSection
	GlobalSection(SolutionProperties) = preSolution
		HideSolutionNode = FALSE
	EndGlobalSection
	GlobalSection(ExtensibilityGlobals) = postSolution
		SolutionGuid = {EBF6DC55-FDFA-4F80-B3BC-3B3E2FAF4578}
	EndGlobalSection
EndGlobal
